
Microsoft Visual Studio Solution File, Format Version 12.00
# Visual Studio Version 17
VisualStudioVersion = 17.0.32112.339
MinimumVisualStudioVersion = 10.0.40219.1
Project("{FAE04EC0-301F-11D3-BF4B-00C04F79EFBC}") = "SupaStuff.Core", "SupaStuff.Core\SupaStuff.Core.csproj", "{005ABC05-2C99-4CAB-AE6A-0E84FE964C8D}"
EndProject
Global
	GlobalSection(SolutionConfigurationPlatforms) = preSolution
		Debug|Any CPU = Debug|Any CPU
		Release|Any CPU = Release|Any CPU
	EndGlobalSection
	GlobalSection(ProjectConfigurationPlatforms) = postSolution
		{005ABC05-2C99-4CAB-AE6A-0E84FE964C8D}.Debug|Any CPU.ActiveCfg = Debug|Any CPU
		{005ABC05-2C99-4CAB-AE6A-0E84FE964C8D}.Debug|Any CPU.Build.0 = Debug|Any CPU
		{005ABC05-2C99-4CAB-AE6A-0E84FE964C8D}.Release|Any CPU.ActiveCfg = Release|Any CPU
		{005ABC05-2C99-4CAB-AE6A-0E84FE964C8D}.Release|Any CPU.Build.0 = Release|Any CPU
	EndGlobalSection
	GlobalSection(SolutionProperties) = preSolution
		HideSolutionNode = FALSE
	EndGlobalSection
	GlobalSection(ExtensibilityGlobals) = postSolution
		SolutionGuid = {47FE73C8-A7BA-498A-A1A0-35F4B112ED8D}
	EndGlobalSection
EndGlobal
